// !$*UTF8*$!
{
	archiveVersion = 1;
	classes = {
	};
	objectVersion = 55;
	objects = {

/* Begin PBXBuildFile section */
		B8BFB359290CD298001BE398 /* AppDelegate.swift in Sources */ = {isa = PBXBuildFile; fileRef = B8BFB358290CD298001BE398 /* AppDelegate.swift */; };
		B8BFB35B290CD298001BE398 /* SceneDelegate.swift in Sources */ = {isa = PBXBuildFile; fileRef = B8BFB35A290CD298001BE398 /* SceneDelegate.swift */; };
		B8BFB35D290CD298001BE398 /* ViewController.swift in Sources */ = {isa = PBXBuildFile; fileRef = B8BFB35C290CD298001BE398 /* ViewController.swift */; };
		B8BFB360290CD298001BE398 /* Main.storyboard in Resources */ = {isa = PBXBuildFile; fileRef = B8BFB35E290CD298001BE398 /* Main.storyboard */; };
		B8BFB363290CD298001BE398 /* VMDirectory.xcdatamodeld in Sources */ = {isa = PBXBuildFile; fileRef = B8BFB361290CD298001BE398 /* VMDirectory.xcdatamodeld */; };
		B8BFB365290CD29B001BE398 /* Assets.xcassets in Resources */ = {isa = PBXBuildFile; fileRef = B8BFB364290CD29B001BE398 /* Assets.xcassets */; };
		B8BFB368290CD29B001BE398 /* LaunchScreen.storyboard in Resources */ = {isa = PBXBuildFile; fileRef = B8BFB366290CD29B001BE398 /* LaunchScreen.storyboard */; };
		B8BFB373290CD29C001BE398 /* VMDirectoryTests.swift in Sources */ = {isa = PBXBuildFile; fileRef = B8BFB372290CD29C001BE398 /* VMDirectoryTests.swift */; };
		B8BFB37D290CD29C001BE398 /* VMDirectoryUITests.swift in Sources */ = {isa = PBXBuildFile; fileRef = B8BFB37C290CD29C001BE398 /* VMDirectoryUITests.swift */; };
		B8BFB37F290CD29C001BE398 /* VMDirectoryUITestsLaunchTests.swift in Sources */ = {isa = PBXBuildFile; fileRef = B8BFB37E290CD29C001BE398 /* VMDirectoryUITestsLaunchTests.swift */; };
		B8BFB38D290D1001001BE398 /* APIFetch.swift in Sources */ = {isa = PBXBuildFile; fileRef = B8BFB38C290D1000001BE398 /* APIFetch.swift */; };
		B8BFB390290D107D001BE398 /* Constants.swift in Sources */ = {isa = PBXBuildFile; fileRef = B8BFB38F290D107D001BE398 /* Constants.swift */; };
		B8BFB394290D1254001BE398 /* peopleStoryboard.storyboard in Resources */ = {isa = PBXBuildFile; fileRef = B8BFB393290D1254001BE398 /* peopleStoryboard.storyboard */; };
		B8BFB399290D1555001BE398 /* peopleListViewController.swift in Sources */ = {isa = PBXBuildFile; fileRef = B8BFB398290D1555001BE398 /* peopleListViewController.swift */; };
		B8BFB39C290D1588001BE398 /* peopleListTableViewCell.swift in Sources */ = {isa = PBXBuildFile; fileRef = B8BFB39B290D1588001BE398 /* peopleListTableViewCell.swift */; };
		B8BFB39E290D1647001BE398 /* peopleListViewModel.swift in Sources */ = {isa = PBXBuildFile; fileRef = B8BFB39D290D1647001BE398 /* peopleListViewModel.swift */; };
		B8BFB3A0290D1665001BE398 /* peopleListModel.swift in Sources */ = {isa = PBXBuildFile; fileRef = B8BFB39F290D1665001BE398 /* peopleListModel.swift */; };
		B8BFB3A2290D563C001BE398 /* peopleDetailViewController.swift in Sources */ = {isa = PBXBuildFile; fileRef = B8BFB3A1290D563C001BE398 /* peopleDetailViewController.swift */; };
		B8BFB3A4290D6F71001BE398 /* peopleCellViewModel.swift in Sources */ = {isa = PBXBuildFile; fileRef = B8BFB3A3290D6F71001BE398 /* peopleCellViewModel.swift */; };
		B8BFB3A6290D9424001BE398 /* imageLoader.swift in Sources */ = {isa = PBXBuildFile; fileRef = B8BFB3A5290D9424001BE398 /* imageLoader.swift */; };
		B8BFB3A8290D9AD4001BE398 /* roomStoryboard.storyboard in Resources */ = {isa = PBXBuildFile; fileRef = B8BFB3A7290D9AD4001BE398 /* roomStoryboard.storyboard */; };
		B8BFB3AD290D9B23001BE398 /* roomViewController.swift in Sources */ = {isa = PBXBuildFile; fileRef = B8BFB3AC290D9B23001BE398 /* roomViewController.swift */; };
		B8BFB3AF290D9B39001BE398 /* roomTableViewCell.swift in Sources */ = {isa = PBXBuildFile; fileRef = B8BFB3AE290D9B39001BE398 /* roomTableViewCell.swift */; };
		B8BFB3B1290D9B50001BE398 /* roomViewModel.swift in Sources */ = {isa = PBXBuildFile; fileRef = B8BFB3B0290D9B50001BE398 /* roomViewModel.swift */; };
		B8BFB3B3290D9B64001BE398 /* roomCellViewModel.swift in Sources */ = {isa = PBXBuildFile; fileRef = B8BFB3B2290D9B64001BE398 /* roomCellViewModel.swift */; };
		B8BFB3B5290D9B70001BE398 /* roomModel.swift in Sources */ = {isa = PBXBuildFile; fileRef = B8BFB3B4290D9B70001BE398 /* roomModel.swift */; };
		B8BFB3B7290DB551001BE398 /* extention.swift in Sources */ = {isa = PBXBuildFile; fileRef = B8BFB3B6290DB551001BE398 /* extention.swift */; };
/* End PBXBuildFile section */

/* Begin PBXContainerItemProxy section */
		B8BFB36F290CD29C001BE398 /* PBXContainerItemProxy */ = {
			isa = PBXContainerItemProxy;
			containerPortal = B8BFB34D290CD298001BE398 /* Project object */;
			proxyType = 1;
			remoteGlobalIDString = B8BFB354290CD298001BE398;
			remoteInfo = VMDirectory;
		};
		B8BFB379290CD29C001BE398 /* PBXContainerItemProxy */ = {
			isa = PBXContainerItemProxy;
			containerPortal = B8BFB34D290CD298001BE398 /* Project object */;
			proxyType = 1;
			remoteGlobalIDString = B8BFB354290CD298001BE398;
			remoteInfo = VMDirectory;
		};
/* End PBXContainerItemProxy section */

/* Begin PBXFileReference section */
		B8BFB355290CD298001BE398 /* VMDirectory.app */ = {isa = PBXFileReference; explicitFileType = wrapper.application; includeInIndex = 0; path = VMDirectory.app; sourceTree = BUILT_PRODUCTS_DIR; };
		B8BFB358290CD298001BE398 /* AppDelegate.swift */ = {isa = PBXFileReference; lastKnownFileType = sourcecode.swift; path = AppDelegate.swift; sourceTree = "<group>"; };
		B8BFB35A290CD298001BE398 /* SceneDelegate.swift */ = {isa = PBXFileReference; lastKnownFileType = sourcecode.swift; path = SceneDelegate.swift; sourceTree = "<group>"; };
		B8BFB35C290CD298001BE398 /* ViewController.swift */ = {isa = PBXFileReference; lastKnownFileType = sourcecode.swift; path = ViewController.swift; sourceTree = "<group>"; };
		B8BFB35F290CD298001BE398 /* Base */ = {isa = PBXFileReference; lastKnownFileType = file.storyboard; name = Base; path = Base.lproj/Main.storyboard; sourceTree = "<group>"; };
		B8BFB362290CD298001BE398 /* VMDirectory.xcdatamodel */ = {isa = PBXFileReference; lastKnownFileType = wrapper.xcdatamodel; path = VMDirectory.xcdatamodel; sourceTree = "<group>"; };
		B8BFB364290CD29B001BE398 /* Assets.xcassets */ = {isa = PBXFileReference; lastKnownFileType = folder.assetcatalog; path = Assets.xcassets; sourceTree = "<group>"; };
		B8BFB367290CD29B001BE398 /* Base */ = {isa = PBXFileReference; lastKnownFileType = file.storyboard; name = Base; path = Base.lproj/LaunchScreen.storyboard; sourceTree = "<group>"; };
		B8BFB369290CD29B001BE398 /* Info.plist */ = {isa = PBXFileReference; lastKnownFileType = text.plist.xml; path = Info.plist; sourceTree = "<group>"; };
		B8BFB36E290CD29C001BE398 /* VMDirectoryTests.xctest */ = {isa = PBXFileReference; explicitFileType = wrapper.cfbundle; includeInIndex = 0; path = VMDirectoryTests.xctest; sourceTree = BUILT_PRODUCTS_DIR; };
		B8BFB372290CD29C001BE398 /* VMDirectoryTests.swift */ = {isa = PBXFileReference; lastKnownFileType = sourcecode.swift; path = VMDirectoryTests.swift; sourceTree = "<group>"; };
		B8BFB378290CD29C001BE398 /* VMDirectoryUITests.xctest */ = {isa = PBXFileReference; explicitFileType = wrapper.cfbundle; includeInIndex = 0; path = VMDirectoryUITests.xctest; sourceTree = BUILT_PRODUCTS_DIR; };
		B8BFB37C290CD29C001BE398 /* VMDirectoryUITests.swift */ = {isa = PBXFileReference; lastKnownFileType = sourcecode.swift; path = VMDirectoryUITests.swift; sourceTree = "<group>"; };
		B8BFB37E290CD29C001BE398 /* VMDirectoryUITestsLaunchTests.swift */ = {isa = PBXFileReference; lastKnownFileType = sourcecode.swift; path = VMDirectoryUITestsLaunchTests.swift; sourceTree = "<group>"; };
		B8BFB38C290D1000001BE398 /* APIFetch.swift */ = {isa = PBXFileReference; lastKnownFileType = sourcecode.swift; path = APIFetch.swift; sourceTree = "<group>"; };
		B8BFB38F290D107D001BE398 /* Constants.swift */ = {isa = PBXFileReference; lastKnownFileType = sourcecode.swift; path = Constants.swift; sourceTree = "<group>"; };
		B8BFB393290D1254001BE398 /* peopleStoryboard.storyboard */ = {isa = PBXFileReference; lastKnownFileType = file.storyboard; path = peopleStoryboard.storyboard; sourceTree = "<group>"; };
		B8BFB398290D1555001BE398 /* peopleListViewController.swift */ = {isa = PBXFileReference; lastKnownFileType = sourcecode.swift; path = peopleListViewController.swift; sourceTree = "<group>"; };
		B8BFB39B290D1588001BE398 /* peopleListTableViewCell.swift */ = {isa = PBXFileReference; lastKnownFileType = sourcecode.swift; path = peopleListTableViewCell.swift; sourceTree = "<group>"; };
		B8BFB39D290D1647001BE398 /* peopleListViewModel.swift */ = {isa = PBXFileReference; lastKnownFileType = sourcecode.swift; path = peopleListViewModel.swift; sourceTree = "<group>"; };
		B8BFB39F290D1665001BE398 /* peopleListModel.swift */ = {isa = PBXFileReference; lastKnownFileType = sourcecode.swift; path = peopleListModel.swift; sourceTree = "<group>"; };
		B8BFB3A1290D563C001BE398 /* peopleDetailViewController.swift */ = {isa = PBXFileReference; lastKnownFileType = sourcecode.swift; path = peopleDetailViewController.swift; sourceTree = "<group>"; };
		B8BFB3A3290D6F71001BE398 /* peopleCellViewModel.swift */ = {isa = PBXFileReference; lastKnownFileType = sourcecode.swift; path = peopleCellViewModel.swift; sourceTree = "<group>"; };
		B8BFB3A5290D9424001BE398 /* imageLoader.swift */ = {isa = PBXFileReference; lastKnownFileType = sourcecode.swift; path = imageLoader.swift; sourceTree = "<group>"; };
		B8BFB3A7290D9AD4001BE398 /* roomStoryboard.storyboard */ = {isa = PBXFileReference; lastKnownFileType = file.storyboard; path = roomStoryboard.storyboard; sourceTree = "<group>"; };
		B8BFB3AC290D9B23001BE398 /* roomViewController.swift */ = {isa = PBXFileReference; lastKnownFileType = sourcecode.swift; path = roomViewController.swift; sourceTree = "<group>"; };
		B8BFB3AE290D9B39001BE398 /* roomTableViewCell.swift */ = {isa = PBXFileReference; lastKnownFileType = sourcecode.swift; path = roomTableViewCell.swift; sourceTree = "<group>"; };
		B8BFB3B0290D9B50001BE398 /* roomViewModel.swift */ = {isa = PBXFileReference; lastKnownFileType = sourcecode.swift; path = roomViewModel.swift; sourceTree = "<group>"; };
		B8BFB3B2290D9B64001BE398 /* roomCellViewModel.swift */ = {isa = PBXFileReference; lastKnownFileType = sourcecode.swift; path = roomCellViewModel.swift; sourceTree = "<group>"; };
		B8BFB3B4290D9B70001BE398 /* roomModel.swift */ = {isa = PBXFileReference; lastKnownFileType = sourcecode.swift; path = roomModel.swift; sourceTree = "<group>"; };
		B8BFB3B6290DB551001BE398 /* extention.swift */ = {isa = PBXFileReference; lastKnownFileType = sourcecode.swift; path = extention.swift; sourceTree = "<group>"; };
/* End PBXFileReference section */

/* Begin PBXFrameworksBuildPhase section */
		B8BFB352290CD298001BE398 /* Frameworks */ = {
			isa = PBXFrameworksBuildPhase;
			buildActionMask = 2147483647;
			files = (
			);
			runOnlyForDeploymentPostprocessing = 0;
		};
		B8BFB36B290CD29C001BE398 /* Frameworks */ = {
			isa = PBXFrameworksBuildPhase;
			buildActionMask = 2147483647;
			files = (
			);
			runOnlyForDeploymentPostprocessing = 0;
		};
		B8BFB375290CD29C001BE398 /* Frameworks */ = {
			isa = PBXFrameworksBuildPhase;
			buildActionMask = 2147483647;
			files = (
			);
			runOnlyForDeploymentPostprocessing = 0;
		};
/* End PBXFrameworksBuildPhase section */

/* Begin PBXGroup section */
		B8BFB34C290CD298001BE398 = {
			isa = PBXGroup;
			children = (
				B8BFB357290CD298001BE398 /* VMDirectory */,
				B8BFB371290CD29C001BE398 /* VMDirectoryTests */,
				B8BFB37B290CD29C001BE398 /* VMDirectoryUITests */,
				B8BFB356290CD298001BE398 /* Products */,
			);
			sourceTree = "<group>";
		};
		B8BFB356290CD298001BE398 /* Products */ = {
			isa = PBXGroup;
			children = (
				B8BFB355290CD298001BE398 /* VMDirectory.app */,
				B8BFB36E290CD29C001BE398 /* VMDirectoryTests.xctest */,
				B8BFB378290CD29C001BE398 /* VMDirectoryUITests.xctest */,
			);
			name = Products;
			sourceTree = "<group>";
		};
		B8BFB357290CD298001BE398 /* VMDirectory */ = {
			isa = PBXGroup;
			children = (
				B8BFB392290D1229001BE398 /* Room */,
				B8BFB391290D1216001BE398 /* People */,
				B8BFB38E290D1057001BE398 /* Helper */,
				B8BFB38B290CD672001BE398 /* Network */,
				B8BFB358290CD298001BE398 /* AppDelegate.swift */,
				B8BFB35A290CD298001BE398 /* SceneDelegate.swift */,
				B8BFB35C290CD298001BE398 /* ViewController.swift */,
				B8BFB35E290CD298001BE398 /* Main.storyboard */,
				B8BFB364290CD29B001BE398 /* Assets.xcassets */,
				B8BFB366290CD29B001BE398 /* LaunchScreen.storyboard */,
				B8BFB369290CD29B001BE398 /* Info.plist */,
				B8BFB361290CD298001BE398 /* VMDirectory.xcdatamodeld */,
			);
			path = VMDirectory;
			sourceTree = "<group>";
		};
		B8BFB371290CD29C001BE398 /* VMDirectoryTests */ = {
			isa = PBXGroup;
			children = (
				B8BFB372290CD29C001BE398 /* VMDirectoryTests.swift */,
			);
			path = VMDirectoryTests;
			sourceTree = "<group>";
		};
		B8BFB37B290CD29C001BE398 /* VMDirectoryUITests */ = {
			isa = PBXGroup;
			children = (
				B8BFB37C290CD29C001BE398 /* VMDirectoryUITests.swift */,
				B8BFB37E290CD29C001BE398 /* VMDirectoryUITestsLaunchTests.swift */,
			);
			path = VMDirectoryUITests;
			sourceTree = "<group>";
		};
		B8BFB38B290CD672001BE398 /* Network */ = {
			isa = PBXGroup;
			children = (
				B8BFB38C290D1000001BE398 /* APIFetch.swift */,
			);
			path = Network;
			sourceTree = "<group>";
		};
		B8BFB38E290D1057001BE398 /* Helper */ = {
			isa = PBXGroup;
			children = (
				B8BFB38F290D107D001BE398 /* Constants.swift */,
				B8BFB3A5290D9424001BE398 /* imageLoader.swift */,
				B8BFB3B6290DB551001BE398 /* extention.swift */,
			);
			path = Helper;
			sourceTree = "<group>";
		};
		B8BFB391290D1216001BE398 /* People */ = {
			isa = PBXGroup;
			children = (
				B8BFB397290D152B001BE398 /* model */,
				B8BFB396290D151C001BE398 /* viewModel */,
				B8BFB395290D1509001BE398 /* view */,
				B8BFB393290D1254001BE398 /* peopleStoryboard.storyboard */,
			);
			path = People;
			sourceTree = "<group>";
		};
		B8BFB392290D1229001BE398 /* Room */ = {
			isa = PBXGroup;
			children = (
				B8BFB3AB290D9B0D001BE398 /* model */,
				B8BFB3AA290D9B03001BE398 /* viewModel */,
				B8BFB3A9290D9AF5001BE398 /* view */,
				B8BFB3A7290D9AD4001BE398 /* roomStoryboard.storyboard */,
			);
			path = Room;
			sourceTree = "<group>";
		};
		B8BFB395290D1509001BE398 /* view */ = {
			isa = PBXGroup;
			children = (
				B8BFB398290D1555001BE398 /* peopleListViewController.swift */,
				B8BFB39B290D1588001BE398 /* peopleListTableViewCell.swift */,
				B8BFB3A1290D563C001BE398 /* peopleDetailViewController.swift */,
			);
			path = view;
			sourceTree = "<group>";
		};
		B8BFB396290D151C001BE398 /* viewModel */ = {
			isa = PBXGroup;
			children = (
				B8BFB39D290D1647001BE398 /* peopleListViewModel.swift */,
				B8BFB3A3290D6F71001BE398 /* peopleCellViewModel.swift */,
			);
			path = viewModel;
			sourceTree = "<group>";
		};
		B8BFB397290D152B001BE398 /* model */ = {
			isa = PBXGroup;
			children = (
				B8BFB39F290D1665001BE398 /* peopleListModel.swift */,
			);
			path = model;
			sourceTree = "<group>";
		};
		B8BFB3A9290D9AF5001BE398 /* view */ = {
			isa = PBXGroup;
			children = (
				B8BFB3AC290D9B23001BE398 /* roomViewController.swift */,
				B8BFB3AE290D9B39001BE398 /* roomTableViewCell.swift */,
			);
			path = view;
			sourceTree = "<group>";
		};
		B8BFB3AA290D9B03001BE398 /* viewModel */ = {
			isa = PBXGroup;
			children = (
				B8BFB3B0290D9B50001BE398 /* roomViewModel.swift */,
				B8BFB3B2290D9B64001BE398 /* roomCellViewModel.swift */,
			);
			path = viewModel;
			sourceTree = "<group>";
		};
		B8BFB3AB290D9B0D001BE398 /* model */ = {
			isa = PBXGroup;
			children = (
				B8BFB3B4290D9B70001BE398 /* roomModel.swift */,
			);
			path = model;
			sourceTree = "<group>";
		};
/* End PBXGroup section */

/* Begin PBXNativeTarget section */
		B8BFB354290CD298001BE398 /* VMDirectory */ = {
			isa = PBXNativeTarget;
			buildConfigurationList = B8BFB382290CD29C001BE398 /* Build configuration list for PBXNativeTarget "VMDirectory" */;
			buildPhases = (
				B8BFB351290CD298001BE398 /* Sources */,
				B8BFB352290CD298001BE398 /* Frameworks */,
				B8BFB353290CD298001BE398 /* Resources */,
			);
			buildRules = (
			);
			dependencies = (
			);
			name = VMDirectory;
			productName = VMDirectory;
			productReference = B8BFB355290CD298001BE398 /* VMDirectory.app */;
			productType = "com.apple.product-type.application";
		};
		B8BFB36D290CD29C001BE398 /* VMDirectoryTests */ = {
			isa = PBXNativeTarget;
			buildConfigurationList = B8BFB385290CD29C001BE398 /* Build configuration list for PBXNativeTarget "VMDirectoryTests" */;
			buildPhases = (
				B8BFB36A290CD29C001BE398 /* Sources */,
				B8BFB36B290CD29C001BE398 /* Frameworks */,
				B8BFB36C290CD29C001BE398 /* Resources */,
			);
			buildRules = (
			);
			dependencies = (
				B8BFB370290CD29C001BE398 /* PBXTargetDependency */,
			);
			name = VMDirectoryTests;
			productName = VMDirectoryTests;
			productReference = B8BFB36E290CD29C001BE398 /* VMDirectoryTests.xctest */;
			productType = "com.apple.product-type.bundle.unit-test";
		};
		B8BFB377290CD29C001BE398 /* VMDirectoryUITests */ = {
			isa = PBXNativeTarget;
			buildConfigurationList = B8BFB388290CD29C001BE398 /* Build configuration list for PBXNativeTarget "VMDirectoryUITests" */;
			buildPhases = (
				B8BFB374290CD29C001BE398 /* Sources */,
				B8BFB375290CD29C001BE398 /* Frameworks */,
				B8BFB376290CD29C001BE398 /* Resources */,
			);
			buildRules = (
			);
			dependencies = (
				B8BFB37A290CD29C001BE398 /* PBXTargetDependency */,
			);
			name = VMDirectoryUITests;
			productName = VMDirectoryUITests;
			productReference = B8BFB378290CD29C001BE398 /* VMDirectoryUITests.xctest */;
			productType = "com.apple.product-type.bundle.ui-testing";
		};
/* End PBXNativeTarget section */

/* Begin PBXProject section */
		B8BFB34D290CD298001BE398 /* Project object */ = {
			isa = PBXProject;
			attributes = {
				BuildIndependentTargetsInParallel = 1;
				LastSwiftUpdateCheck = 1320;
				LastUpgradeCheck = 1320;
				TargetAttributes = {
					B8BFB354290CD298001BE398 = {
						CreatedOnToolsVersion = 13.2.1;
					};
					B8BFB36D290CD29C001BE398 = {
						CreatedOnToolsVersion = 13.2.1;
						TestTargetID = B8BFB354290CD298001BE398;
					};
					B8BFB377290CD29C001BE398 = {
						CreatedOnToolsVersion = 13.2.1;
						TestTargetID = B8BFB354290CD298001BE398;
					};
				};
			};
			buildConfigurationList = B8BFB350290CD298001BE398 /* Build configuration list for PBXProject "VMDirectory" */;
			compatibilityVersion = "Xcode 13.0";
			developmentRegion = en;
			hasScannedForEncodings = 0;
			knownRegions = (
				en,
				Base,
			);
			mainGroup = B8BFB34C290CD298001BE398;
			productRefGroup = B8BFB356290CD298001BE398 /* Products */;
			projectDirPath = "";
			projectRoot = "";
			targets = (
				B8BFB354290CD298001BE398 /* VMDirectory */,
				B8BFB36D290CD29C001BE398 /* VMDirectoryTests */,
				B8BFB377290CD29C001BE398 /* VMDirectoryUITests */,
			);
		};
/* End PBXProject section */

/* Begin PBXResourcesBuildPhase section */
		B8BFB353290CD298001BE398 /* Resources */ = {
			isa = PBXResourcesBuildPhase;
			buildActionMask = 2147483647;
			files = (
				B8BFB3A8290D9AD4001BE398 /* roomStoryboard.storyboard in Resources */,
				B8BFB394290D1254001BE398 /* peopleStoryboard.storyboard in Resources */,
				B8BFB368290CD29B001BE398 /* LaunchScreen.storyboard in Resources */,
				B8BFB365290CD29B001BE398 /* Assets.xcassets in Resources */,
				B8BFB360290CD298001BE398 /* Main.storyboard in Resources */,
			);
			runOnlyForDeploymentPostprocessing = 0;
		};
		B8BFB36C290CD29C001BE398 /* Resources */ = {
			isa = PBXResourcesBuildPhase;
			buildActionMask = 2147483647;
			files = (
			);
			runOnlyForDeploymentPostprocessing = 0;
		};
		B8BFB376290CD29C001BE398 /* Resources */ = {
			isa = PBXResourcesBuildPhase;
			buildActionMask = 2147483647;
			files = (
			);
			runOnlyForDeploymentPostprocessing = 0;
		};
/* End PBXResourcesBuildPhase section */

/* Begin PBXSourcesBuildPhase section */
		B8BFB351290CD298001BE398 /* Sources */ = {
			isa = PBXSourcesBuildPhase;
			buildActionMask = 2147483647;
			files = (
				B8BFB3A0290D1665001BE398 /* peopleListModel.swift in Sources */,
				B8BFB363290CD298001BE398 /* VMDirectory.xcdatamodeld in Sources */,
				B8BFB35D290CD298001BE398 /* ViewController.swift in Sources */,
				B8BFB38D290D1001001BE398 /* APIFetch.swift in Sources */,
				B8BFB359290CD298001BE398 /* AppDelegate.swift in Sources */,
				B8BFB3B7290DB551001BE398 /* extention.swift in Sources */,
				B8BFB3A4290D6F71001BE398 /* peopleCellViewModel.swift in Sources */,
				B8BFB3A6290D9424001BE398 /* imageLoader.swift in Sources */,
				B8BFB3B1290D9B50001BE398 /* roomViewModel.swift in Sources */,
				B8BFB39C290D1588001BE398 /* peopleListTableViewCell.swift in Sources */,
				B8BFB35B290CD298001BE398 /* SceneDelegate.swift in Sources */,
				B8BFB3AD290D9B23001BE398 /* roomViewController.swift in Sources */,
				B8BFB39E290D1647001BE398 /* peopleListViewModel.swift in Sources */,
				B8BFB390290D107D001BE398 /* Constants.swift in Sources */,
				B8BFB3A2290D563C001BE398 /* peopleDetailViewController.swift in Sources */,
				B8BFB3B5290D9B70001BE398 /* roomModel.swift in Sources */,
				B8BFB399290D1555001BE398 /* peopleListViewController.swift in Sources */,
				B8BFB3B3290D9B64001BE398 /* roomCellViewModel.swift in Sources */,
				B8BFB3AF290D9B39001BE398 /* roomTableViewCell.swift in Sources */,
			);
			runOnlyForDeploymentPostprocessing = 0;
		};
		B8BFB36A290CD29C001BE398 /* Sources */ = {
			isa = PBXSourcesBuildPhase;
			buildActionMask = 2147483647;
			files = (
				B8BFB373290CD29C001BE398 /* VMDirectoryTests.swift in Sources */,
			);
			runOnlyForDeploymentPostprocessing = 0;
		};
		B8BFB374290CD29C001BE398 /* Sources */ = {
			isa = PBXSourcesBuildPhase;
			buildActionMask = 2147483647;
			files = (
				B8BFB37D290CD29C001BE398 /* VMDirectoryUITests.swift in Sources */,
				B8BFB37F290CD29C001BE398 /* VMDirectoryUITestsLaunchTests.swift in Sources */,
			);
			runOnlyForDeploymentPostprocessing = 0;
		};
/* End PBXSourcesBuildPhase section */

/* Begin PBXTargetDependency section */
		B8BFB370290CD29C001BE398 /* PBXTargetDependency */ = {
			isa = PBXTargetDependency;
			target = B8BFB354290CD298001BE398 /* VMDirectory */;
			targetProxy = B8BFB36F290CD29C001BE398 /* PBXContainerItemProxy */;
		};
		B8BFB37A290CD29C001BE398 /* PBXTargetDependency */ = {
			isa = PBXTargetDependency;
			target = B8BFB354290CD298001BE398 /* VMDirectory */;
			targetProxy = B8BFB379290CD29C001BE398 /* PBXContainerItemProxy */;
		};
/* End PBXTargetDependency section */

/* Begin PBXVariantGroup section */
		B8BFB35E290CD298001BE398 /* Main.storyboard */ = {
			isa = PBXVariantGroup;
			children = (
				B8BFB35F290CD298001BE398 /* Base */,
			);
			name = Main.storyboard;
			sourceTree = "<group>";
		};
		B8BFB366290CD29B001BE398 /* LaunchScreen.storyboard */ = {
			isa = PBXVariantGroup;
			children = (
				B8BFB367290CD29B001BE398 /* Base */,
			);
			name = LaunchScreen.storyboard;
			sourceTree = "<group>";
		};
/* End PBXVariantGroup section */

/* Begin XCBuildConfiguration section */
		B8BFB380290CD29C001BE398 /* Debug */ = {
			isa = XCBuildConfiguration;
			buildSettings = {
				ALWAYS_SEARCH_USER_PATHS = NO;
				CLANG_ANALYZER_NONNULL = YES;
				CLANG_ANALYZER_NUMBER_OBJECT_CONVERSION = YES_AGGRESSIVE;
				CLANG_CXX_LANGUAGE_STANDARD = "gnu++17";
				CLANG_CXX_LIBRARY = "libc++";
				CLANG_ENABLE_MODULES = YES;
				CLANG_ENABLE_OBJC_ARC = YES;
				CLANG_ENABLE_OBJC_WEAK = YES;
				CLANG_WARN_BLOCK_CAPTURE_AUTORELEASING = YES;
				CLANG_WARN_BOOL_CONVERSION = YES;
				CLANG_WARN_COMMA = YES;
				CLANG_WARN_CONSTANT_CONVERSION = YES;
				CLANG_WARN_DEPRECATED_OBJC_IMPLEMENTATIONS = YES;
				CLANG_WARN_DIRECT_OBJC_ISA_USAGE = YES_ERROR;
				CLANG_WARN_DOCUMENTATION_COMMENTS = YES;
				CLANG_WARN_EMPTY_BODY = YES;
				CLANG_WARN_ENUM_CONVERSION = YES;
				CLANG_WARN_INFINITE_RECURSION = YES;
				CLANG_WARN_INT_CONVERSION = YES;
				CLANG_WARN_NON_LITERAL_NULL_CONVERSION = YES;
				CLANG_WARN_OBJC_IMPLICIT_RETAIN_SELF = YES;
				CLANG_WARN_OBJC_LITERAL_CONVERSION = YES;
				CLANG_WARN_OBJC_ROOT_CLASS = YES_ERROR;
				CLANG_WARN_QUOTED_INCLUDE_IN_FRAMEWORK_HEADER = YES;
				CLANG_WARN_RANGE_LOOP_ANALYSIS = YES;
				CLANG_WARN_STRICT_PROTOTYPES = YES;
				CLANG_WARN_SUSPICIOUS_MOVE = YES;
				CLANG_WARN_UNGUARDED_AVAILABILITY = YES_AGGRESSIVE;
				CLANG_WARN_UNREACHABLE_CODE = YES;
				CLANG_WARN__DUPLICATE_METHOD_MATCH = YES;
				COPY_PHASE_STRIP = NO;
				DEBUG_INFORMATION_FORMAT = dwarf;
				ENABLE_STRICT_OBJC_MSGSEND = YES;
				ENABLE_TESTABILITY = YES;
				GCC_C_LANGUAGE_STANDARD = gnu11;
				GCC_DYNAMIC_NO_PIC = NO;
				GCC_NO_COMMON_BLOCKS = YES;
				GCC_OPTIMIZATION_LEVEL = 0;
				GCC_PREPROCESSOR_DEFINITIONS = (
					"DEBUG=1",
					"$(inherited)",
				);
				GCC_WARN_64_TO_32_BIT_CONVERSION = YES;
				GCC_WARN_ABOUT_RETURN_TYPE = YES_ERROR;
				GCC_WARN_UNDECLARED_SELECTOR = YES;
				GCC_WARN_UNINITIALIZED_AUTOS = YES_AGGRESSIVE;
				GCC_WARN_UNUSED_FUNCTION = YES;
				GCC_WARN_UNUSED_VARIABLE = YES;
				IPHONEOS_DEPLOYMENT_TARGET = 15.2;
				MTL_ENABLE_DEBUG_INFO = INCLUDE_SOURCE;
				MTL_FAST_MATH = YES;
				ONLY_ACTIVE_ARCH = YES;
				SDKROOT = iphoneos;
				SWIFT_ACTIVE_COMPILATION_CONDITIONS = DEBUG;
				SWIFT_OPTIMIZATION_LEVEL = "-Onone";
			};
			name = Debug;
		};
		B8BFB381290CD29C001BE398 /* Release */ = {
			isa = XCBuildConfiguration;
			buildSettings = {
				ALWAYS_SEARCH_USER_PATHS = NO;
				CLANG_ANALYZER_NONNULL = YES;
				CLANG_ANALYZER_NUMBER_OBJECT_CONVERSION = YES_AGGRESSIVE;
				CLANG_CXX_LANGUAGE_STANDARD = "gnu++17";
				CLANG_CXX_LIBRARY = "libc++";
				CLANG_ENABLE_MODULES = YES;
				CLANG_ENABLE_OBJC_ARC = YES;
				CLANG_ENABLE_OBJC_WEAK = YES;
				CLANG_WARN_BLOCK_CAPTURE_AUTORELEASING = YES;
				CLANG_WARN_BOOL_CONVERSION = YES;
				CLANG_WARN_COMMA = YES;
				CLANG_WARN_CONSTANT_CONVERSION = YES;
				CLANG_WARN_DEPRECATED_OBJC_IMPLEMENTATIONS = YES;
				CLANG_WARN_DIRECT_OBJC_ISA_USAGE = YES_ERROR;
				CLANG_WARN_DOCUMENTATION_COMMENTS = YES;
				CLANG_WARN_EMPTY_BODY = YES;
				CLANG_WARN_ENUM_CONVERSION = YES;
				CLANG_WARN_INFINITE_RECURSION = YES;
				CLANG_WARN_INT_CONVERSION = YES;
				CLANG_WARN_NON_LITERAL_NULL_CONVERSION = YES;
				CLANG_WARN_OBJC_IMPLICIT_RETAIN_SELF = YES;
				CLANG_WARN_OBJC_LITERAL_CONVERSION = YES;
				CLANG_WARN_OBJC_ROOT_CLASS = YES_ERROR;
				CLANG_WARN_QUOTED_INCLUDE_IN_FRAMEWORK_HEADER = YES;
				CLANG_WARN_RANGE_LOOP_ANALYSIS = YES;
				CLANG_WARN_STRICT_PROTOTYPES = YES;
				CLANG_WARN_SUSPICIOUS_MOVE = YES;
				CLANG_WARN_UNGUARDED_AVAILABILITY = YES_AGGRESSIVE;
				CLANG_WARN_UNREACHABLE_CODE = YES;
				CLANG_WARN__DUPLICATE_METHOD_MATCH = YES;
				COPY_PHASE_STRIP = NO;
				DEBUG_INFORMATION_FORMAT = "dwarf-with-dsym";
				ENABLE_NS_ASSERTIONS = NO;
				ENABLE_STRICT_OBJC_MSGSEND = YES;
				GCC_C_LANGUAGE_STANDARD = gnu11;
				GCC_NO_COMMON_BLOCKS = YES;
				GCC_WARN_64_TO_32_BIT_CONVERSION = YES;
				GCC_WARN_ABOUT_RETURN_TYPE = YES_ERROR;
				GCC_WARN_UNDECLARED_SELECTOR = YES;
				GCC_WARN_UNINITIALIZED_AUTOS = YES_AGGRESSIVE;
				GCC_WARN_UNUSED_FUNCTION = YES;
				GCC_WARN_UNUSED_VARIABLE = YES;
				IPHONEOS_DEPLOYMENT_TARGET = 15.2;
				MTL_ENABLE_DEBUG_INFO = NO;
				MTL_FAST_MATH = YES;
				SDKROOT = iphoneos;
				SWIFT_COMPILATION_MODE = wholemodule;
				SWIFT_OPTIMIZATION_LEVEL = "-O";
				VALIDATE_PRODUCT = YES;
			};
			name = Release;
		};
		B8BFB383290CD29C001BE398 /* Debug */ = {
			isa = XCBuildConfiguration;
			buildSettings = {
				ASSETCATALOG_COMPILER_APPICON_NAME = AppIcon;
				ASSETCATALOG_COMPILER_GLOBAL_ACCENT_COLOR_NAME = AccentColor;
				CODE_SIGN_STYLE = Automatic;
				CURRENT_PROJECT_VERSION = 1;
				GENERATE_INFOPLIST_FILE = YES;
				INFOPLIST_FILE = VMDirectory/Info.plist;
				INFOPLIST_KEY_UIApplicationSupportsIndirectInputEvents = YES;
				INFOPLIST_KEY_UILaunchStoryboardName = LaunchScreen;
				INFOPLIST_KEY_UIMainStoryboardFile = Main;
				INFOPLIST_KEY_UISupportedInterfaceOrientations_iPad = "UIInterfaceOrientationPortrait UIInterfaceOrientationPortraitUpsideDown UIInterfaceOrientationLandscapeLeft UIInterfaceOrientationLandscapeRight";
				INFOPLIST_KEY_UISupportedInterfaceOrientations_iPhone = "UIInterfaceOrientationPortrait UIInterfaceOrientationLandscapeLeft UIInterfaceOrientationLandscapeRight";
				IPHONEOS_DEPLOYMENT_TARGET = 11.0;
				LD_RUNPATH_SEARCH_PATHS = (
					"$(inherited)",
					"@executable_path/Frameworks",
				);
				MARKETING_VERSION = 1.0;
				PRODUCT_BUNDLE_IDENTIFIER = com.VM.VMDirectory;
				PRODUCT_NAME = "$(TARGET_NAME)";
				SWIFT_EMIT_LOC_STRINGS = YES;
				SWIFT_VERSION = 5.0;
				TARGETED_DEVICE_FAMILY = "1,2";
			};
			name = Debug;
		};
		B8BFB384290CD29C001BE398 /* Release */ = {
			isa = XCBuildConfiguration;
			buildSettings = {
				ASSETCATALOG_COMPILER_APPICON_NAME = AppIcon;
				ASSETCATALOG_COMPILER_GLOBAL_ACCENT_COLOR_NAME = AccentColor;
				CODE_SIGN_STYLE = Automatic;
				CURRENT_PROJECT_VERSION = 1;
				GENERATE_INFOPLIST_FILE = YES;
				INFOPLIST_FILE = VMDirectory/Info.plist;
				INFOPLIST_KEY_UIApplicationSupportsIndirectInputEvents = YES;
				INFOPLIST_KEY_UILaunchStoryboardName = LaunchScreen;
				INFOPLIST_KEY_UIMainStoryboardFile = Main;
				INFOPLIST_KEY_UISupportedInterfaceOrientations_iPad = "UIInterfaceOrientationPortrait UIInterfaceOrientationPortraitUpsideDown UIInterfaceOrientationLandscapeLeft UIInterfaceOrientationLandscapeRight";
				INFOPLIST_KEY_UISupportedInterfaceOrientations_iPhone = "UIInterfaceOrientationPortrait UIInterfaceOrientationLandscapeLeft UIInterfaceOrientationLandscapeRight";
				IPHONEOS_DEPLOYMENT_TARGET = 11.0;
				LD_RUNPATH_SEARCH_PATHS = (
					"$(inherited)",
					"@executable_path/Frameworks",
				);
				MARKETING_VERSION = 1.0;
				PRODUCT_BUNDLE_IDENTIFIER = com.VM.VMDirectory;
				PRODUCT_NAME = "$(TARGET_NAME)";
				SWIFT_EMIT_LOC_STRINGS = YES;
				SWIFT_VERSION = 5.0;
				TARGETED_DEVICE_FAMILY = "1,2";
			};
			name = Release;
		};
		B8BFB386290CD29C001BE398 /* Debug */ = {
			isa = XCBuildConfiguration;
			buildSettings = {
				ALWAYS_EMBED_SWIFT_STANDARD_LIBRARIES = YES;
				BUNDLE_LOADER = "$(TEST_HOST)";
				CODE_SIGN_STYLE = Automatic;
				CURRENT_PROJECT_VERSION = 1;
				GENERATE_INFOPLIST_FILE = YES;
				IPHONEOS_DEPLOYMENT_TARGET = 15.2;
				MARKETING_VERSION = 1.0;
				PRODUCT_BUNDLE_IDENTIFIER = com.VM.VMDirectoryTests;
				PRODUCT_NAME = "$(TARGET_NAME)";
				SWIFT_EMIT_LOC_STRINGS = NO;
				SWIFT_VERSION = 5.0;
				TARGETED_DEVICE_FAMILY = "1,2";
				TEST_HOST = "$(BUILT_PRODUCTS_DIR)/VMDirectory.app/VMDirectory";
			};
			name = Debug;
		};
		B8BFB387290CD29C001BE398 /* Release */ = {
			isa = XCBuildConfiguration;
			buildSettings = {
				ALWAYS_EMBED_SWIFT_STANDARD_LIBRARIES = YES;
				BUNDLE_LOADER = "$(TEST_HOST)";
				CODE_SIGN_STYLE = Automatic;
				CURRENT_PROJECT_VERSION = 1;
				GENERATE_INFOPLIST_FILE = YES;
				IPHONEOS_DEPLOYMENT_TARGET = 15.2;
				MARKETING_VERSION = 1.0;
				PRODUCT_BUNDLE_IDENTIFIER = com.VM.VMDirectoryTests;
				PRODUCT_NAME = "$(TARGET_NAME)";
				SWIFT_EMIT_LOC_STRINGS = NO;
				SWIFT_VERSION = 5.0;
				TARGETED_DEVICE_FAMILY = "1,2";
				TEST_HOST = "$(BUILT_PRODUCTS_DIR)/VMDirectory.app/VMDirectory";
			};
			name = Release;
		};
		B8BFB389290CD29C001BE398 /* Debug */ = {
			isa = XCBuildConfiguration;
			buildSettings = {
				ALWAYS_EMBED_SWIFT_STANDARD_LIBRARIES = YES;
				CODE_SIGN_STYLE = Automatic;
				CURRENT_PROJECT_VERSION = 1;
				GENERATE_INFOPLIST_FILE = YES;
				MARKETING_VERSION = 1.0;
				PRODUCT_BUNDLE_IDENTIFIER = com.VM.VMDirectoryUITests;
				PRODUCT_NAME = "$(TARGET_NAME)";
				SWIFT_EMIT_LOC_STRINGS = NO;
				SWIFT_VERSION = 5.0;
				TARGETED_DEVICE_FAMILY = "1,2";
				TEST_TARGET_NAME = VMDirectory;
			};
			name = Debug;
		};
		B8BFB38A290CD29C001BE398 /* Release */ = {
			isa = XCBuildConfiguration;
			buildSettings = {
				ALWAYS_EMBED_SWIFT_STANDARD_LIBRARIES = YES;
				CODE_SIGN_STYLE = Automatic;
				CURRENT_PROJECT_VERSION = 1;
				GENERATE_INFOPLIST_FILE = YES;
				MARKETING_VERSION = 1.0;
				PRODUCT_BUNDLE_IDENTIFIER = com.VM.VMDirectoryUITests;
				PRODUCT_NAME = "$(TARGET_NAME)";
				SWIFT_EMIT_LOC_STRINGS = NO;
				SWIFT_VERSION = 5.0;
				TARGETED_DEVICE_FAMILY = "1,2";
				TEST_TARGET_NAME = VMDirectory;
			};
			name = Release;
		};
/* End XCBuildConfiguration section */

/* Begin XCConfigurationList section */
		B8BFB350290CD298001BE398 /* Build configuration list for PBXProject "VMDirectory" */ = {
			isa = XCConfigurationList;
			buildConfigurations = (
				B8BFB380290CD29C001BE398 /* Debug */,
				B8BFB381290CD29C001BE398 /* Release */,
			);
			defaultConfigurationIsVisible = 0;
			defaultConfigurationName = Release;
		};
		B8BFB382290CD29C001BE398 /* Build configuration list for PBXNativeTarget "VMDirectory" */ = {
			isa = XCConfigurationList;
			buildConfigurations = (
				B8BFB383290CD29C001BE398 /* Debug */,
				B8BFB384290CD29C001BE398 /* Release */,
			);
			defaultConfigurationIsVisible = 0;
			defaultConfigurationName = Release;
		};
		B8BFB385290CD29C001BE398 /* Build configuration list for PBXNativeTarget "VMDirectoryTests" */ = {
			isa = XCConfigurationList;
			buildConfigurations = (
				B8BFB386290CD29C001BE398 /* Debug */,
				B8BFB387290CD29C001BE398 /* Release */,
			);
			defaultConfigurationIsVisible = 0;
			defaultConfigurationName = Release;
		};
		B8BFB388290CD29C001BE398 /* Build configuration list for PBXNativeTarget "VMDirectoryUITests" */ = {
			isa = XCConfigurationList;
			buildConfigurations = (
				B8BFB389290CD29C001BE398 /* Debug */,
				B8BFB38A290CD29C001BE398 /* Release */,
			);
			defaultConfigurationIsVisible = 0;
			defaultConfigurationName = Release;
		};
/* End XCConfigurationList section */

/* Begin XCVersionGroup section */
		B8BFB361290CD298001BE398 /* VMDirectory.xcdatamodeld */ = {
			isa = XCVersionGroup;
			children = (
				B8BFB362290CD298001BE398 /* VMDirectory.xcdatamodel */,
			);
			currentVersion = B8BFB362290CD298001BE398 /* VMDirectory.xcdatamodel */;
			path = VMDirectory.xcdatamodeld;
			sourceTree = "<group>";
			versionGroupType = wrapper.xcdatamodel;
		};
/* End XCVersionGroup section */
	};
	rootObject = B8BFB34D290CD298001BE398 /* Project object */;
}
